
Microsoft Visual Studio Solution File, Format Version 12.00
# Visual Studio Version 16
VisualStudioVersion = 16.0.30804.86
MinimumVisualStudioVersion = 10.0.40219.1
Project("{9A19103F-16F7-4668-BE54-9A1E7A4F7556}") = "ShpMosaic", "ShpMosaic\ShpMosaic.csproj", "{B7C6620D-6E44-4C81-9AEB-9DECC722D1AF}"
EndProject
Global
	GlobalSection(SolutionConfigurationPlatforms) = preSolution
		Debug|Any CPU = Debug|Any CPU
		Debug|x64 = Debug|x64
		Release|Any CPU = Release|Any CPU
		Release|x64 = Release|x64
	EndGlobalSection
	GlobalSection(ProjectConfigurationPlatforms) = postSolution
		{B7C6620D-6E44-4C81-9AEB-9DECC722D1AF}.Debug|Any CPU.ActiveCfg = Debug|x64
		{B7C6620D-6E44-4C81-9AEB-9DECC722D1AF}.Debug|Any CPU.Build.0 = Debug|x64
		{B7C6620D-6E44-4C81-9AEB-9DECC722D1AF}.Debug|x64.ActiveCfg = Debug|x64
		{B7C6620D-6E44-4C81-9AEB-9DECC722D1AF}.Debug|x64.Build.0 = Debug|x64
		{B7C6620D-6E44-4C81-9AEB-9DECC722D1AF}.Release|Any CPU.ActiveCfg = Release|Any CPU
		{B7C6620D-6E44-4C81-9AEB-9DECC722D1AF}.Release|Any CPU.Build.0 = Release|Any CPU
		{B7C6620D-6E44-4C81-9AEB-9DECC722D1AF}.Release|x64.ActiveCfg = Release|x64
		{B7C6620D-6E44-4C81-9AEB-9DECC722D1AF}.Release|x64.Build.0 = Release|x64
	EndGlobalSection
	GlobalSection(SolutionProperties) = preSolution
		HideSolutionNode = FALSE
	EndGlobalSection
	GlobalSection(ExtensibilityGlobals) = postSolution
		SolutionGuid = {B03A546D-0B60-4078-9B8F-122043B6E30E}
	EndGlobalSection
EndGlobal
